
Microsoft Visual Studio Solution File, Format Version 11.00
# Visual Studio 2010
Project("{E24C65DC-7377-472B-9ABA-BC803B73C61A}") = "ALL STAR", ".", "{394F76C3-EB89-4362-BFA7-2218ABA96A14}"
	ProjectSection(WebsiteProperties) = preProject
		TargetFrameworkMoniker = ".NETFramework,Version%3Dv4.0"
		Debug.AspNetCompiler.VirtualPath = "/ALL STAR"
		Debug.AspNetCompiler.PhysicalPath = "D:\mohan\testing\all_star_new\ALL STAR\"
		Debug.AspNetCompiler.TargetPath = "PrecompiledWeb\ALL STAR\"
		Debug.AspNetCompiler.Updateable = "true"
		Debug.AspNetCompiler.ForceOverwrite = "true"
		Debug.AspNetCompiler.FixedNames = "false"
		Debug.AspNetCompiler.Debug = "True"
		Release.AspNetCompiler.VirtualPath = "/ALL STAR"
		Release.AspNetCompiler.PhysicalPath = "D:\mohan\testing\all_star_new\ALL STAR\"
		Release.AspNetCompiler.TargetPath = "PrecompiledWeb\ALL STAR\"
		Release.AspNetCompiler.Updateable = "true"
		Release.AspNetCompiler.ForceOverwrite = "true"
		Release.AspNetCompiler.FixedNames = "false"
		Release.AspNetCompiler.Debug = "False"
		VWDPort = "49736"
	EndProjectSection
EndProject
Global
	GlobalSection(SolutionConfigurationPlatforms) = preSolution
		Debug|Any CPU = Debug|Any CPU
	EndGlobalSection
	GlobalSection(ProjectConfigurationPlatforms) = postSolution
		{394F76C3-EB89-4362-BFA7-2218ABA96A14}.Debug|Any CPU.ActiveCfg = Debug|Any CPU
		{394F76C3-EB89-4362-BFA7-2218ABA96A14}.Debug|Any CPU.Build.0 = Debug|Any CPU
	EndGlobalSection
	GlobalSection(SolutionProperties) = preSolution
		HideSolutionNode = FALSE
	EndGlobalSection
EndGlobal
